
Microsoft Visual Studio Solution File, Format Version 12.00
# Visual Studio Version 17
VisualStudioVersion = 17.8.34330.188
MinimumVisualStudioVersion = 10.0.40219.1
Project("{FAE04EC0-301F-11D3-BF4B-00C04F79EFBC}") = "ExperimentWithControls", "ExperimentWithControls\ExperimentWithControls.csproj", "{89B5E06C-02C3-4755-A877-CA128CD037CA}"
EndProject
Global
	GlobalSection(SolutionConfigurationPlatforms) = preSolution
		Debug|Any CPU = Debug|Any CPU
		Release|Any CPU = Release|Any CPU
	EndGlobalSection
	GlobalSection(ProjectConfigurationPlatforms) = postSolution
		{89B5E06C-02C3-4755-A877-CA128CD037CA}.Debug|Any CPU.ActiveCfg = Debug|Any CPU
		{89B5E06C-02C3-4755-A877-CA128CD037CA}.Debug|Any CPU.Build.0 = Debug|Any CPU
		{89B5E06C-02C3-4755-A877-CA128CD037CA}.Release|Any CPU.ActiveCfg = Release|Any CPU
		{89B5E06C-02C3-4755-A877-CA128CD037CA}.Release|Any CPU.Build.0 = Release|Any CPU
	EndGlobalSection
	GlobalSection(SolutionProperties) = preSolution
		HideSolutionNode = FALSE
	EndGlobalSection
	GlobalSection(ExtensibilityGlobals) = postSolution
		SolutionGuid = {0D46486B-622D-4DD2-B16D-C5E2F972F869}
	EndGlobalSection
EndGlobal
